{
  "pins" : [
    {
      "identity" : "csprogress",
      "kind" : "remoteSourceControl",
      "location" : "https://github.com/stefanspringer1/CSProgress",
      "state" : {
        "revision" : "b831bb234a8a2af02ccc04d6e91a62f7dabb7de4",
        "version" : "0.0.1"
      }
    },
    {
      "identity" : "swift-system",
      "kind" : "remoteSourceControl",
      "location" : "https://github.com/apple/swift-system",
      "state" : {
        "revision" : "025bcb1165deab2e20d4eaba79967ce73013f496",
        "version" : "1.2.1"
      }
    },
    {
      "identity" : "zipfoundationmodern",
      "kind" : "remoteSourceControl",
      "location" : "https://github.com/stefanspringer1/ZIPFoundationModern",
      "state" : {
        "revision" : "63f5077ee61622608a9c7f2e5300ed23a22aa4e0",
        "version" : "0.0.1"
      }
    }
  ],
  "version" : 2
}
